Microsoft Visual Studio Solution File, Format Version 12.00
# Visual Studio 2015
Project("{8BC9CEB8-8B4A-11D0-8D11-00A0C91BC942}") = "libwavetrans", "libwavetrans.vcxproj", "{E1F4A122-5352-E563-3376-A7BE52471257}"
EndProject
Project("{8BC9CEB8-8B4A-11D0-8D11-00A0C91BC942}") = "wave_tran_recv", "wave_tran_recv.vcxproj", "{9F05B71E-F185-E178-77FC-7CA4F278EB8F}"
	ProjectSection(ProjectDependencies) = postProject
		{E1F4A122-5352-E563-3376-A7BE52471257} = {E1F4A122-5352-E563-3376-A7BE52471257}
	EndProjectSection
EndProject
Project("{8BC9CEB8-8B4A-11D0-8D11-00A0C91BC942}") = "wave_tran_send", "wave_tran_send.vcxproj", "{C24BB141-D38C-7EB7-31EC-E7FAE5F5AB15}"
	ProjectSection(ProjectDependencies) = postProject
		{E1F4A122-5352-E563-3376-A7BE52471257} = {E1F4A122-5352-E563-3376-A7BE52471257}
	EndProjectSection
EndProject
Global
	GlobalSection(SolutionConfigurationPlatforms) = preSolution
		Debug|x64 = Debug|x64
		Debug|Win32 = Debug|Win32
		Release|x64 = Release|x64
		Release|Win32 = Release|Win32
	EndGlobalSection
	GlobalSection(ProjectConfigurationPlatforms) = postSolution
		{9F05B71E-F185-E178-77FC-7CA4F278EB8F}.Debug|x64.ActiveCfg = Debug|x64
		{9F05B71E-F185-E178-77FC-7CA4F278EB8F}.Debug|x64.Build.0 = Debug|x64
		{9F05B71E-F185-E178-77FC-7CA4F278EB8F}.Debug|Win32.ActiveCfg = Debug|Win32
		{9F05B71E-F185-E178-77FC-7CA4F278EB8F}.Debug|Win32.Build.0 = Debug|Win32
		{9F05B71E-F185-E178-77FC-7CA4F278EB8F}.Release|x64.ActiveCfg = Release|x64
		{9F05B71E-F185-E178-77FC-7CA4F278EB8F}.Release|x64.Build.0 = Release|x64
		{9F05B71E-F185-E178-77FC-7CA4F278EB8F}.Release|Win32.ActiveCfg = Release|Win32
		{9F05B71E-F185-E178-77FC-7CA4F278EB8F}.Release|Win32.Build.0 = Release|Win32
		{C24BB141-D38C-7EB7-31EC-E7FAE5F5AB15}.Debug|x64.ActiveCfg = Debug|x64
		{C24BB141-D38C-7EB7-31EC-E7FAE5F5AB15}.Debug|x64.Build.0 = Debug|x64
		{C24BB141-D38C-7EB7-31EC-E7FAE5F5AB15}.Debug|Win32.ActiveCfg = Debug|Win32
		{C24BB141-D38C-7EB7-31EC-E7FAE5F5AB15}.Debug|Win32.Build.0 = Debug|Win32
		{C24BB141-D38C-7EB7-31EC-E7FAE5F5AB15}.Release|x64.ActiveCfg = Release|x64
		{C24BB141-D38C-7EB7-31EC-E7FAE5F5AB15}.Release|x64.Build.0 = Release|x64
		{C24BB141-D38C-7EB7-31EC-E7FAE5F5AB15}.Release|Win32.ActiveCfg = Release|Win32
		{C24BB141-D38C-7EB7-31EC-E7FAE5F5AB15}.Release|Win32.Build.0 = Release|Win32
		{E1F4A122-5352-E563-3376-A7BE52471257}.Debug|x64.ActiveCfg = Debug|x64
		{E1F4A122-5352-E563-3376-A7BE52471257}.Debug|x64.Build.0 = Debug|x64
		{E1F4A122-5352-E563-3376-A7BE52471257}.Debug|Win32.ActiveCfg = Debug|Win32
		{E1F4A122-5352-E563-3376-A7BE52471257}.Debug|Win32.Build.0 = Debug|Win32
		{E1F4A122-5352-E563-3376-A7BE52471257}.Release|x64.ActiveCfg = Release|x64
		{E1F4A122-5352-E563-3376-A7BE52471257}.Release|x64.Build.0 = Release|x64
		{E1F4A122-5352-E563-3376-A7BE52471257}.Release|Win32.ActiveCfg = Release|Win32
		{E1F4A122-5352-E563-3376-A7BE52471257}.Release|Win32.Build.0 = Release|Win32
	EndGlobalSection
	GlobalSection(SolutionProperties) = preSolution
		HideSolutionNode = FALSE
	EndGlobalSection
EndGlobal
